
Microsoft Visual Studio Solution File, Format Version 12.00
# Visual Studio Version 17
VisualStudioVersion = 17.3.32505.426
MinimumVisualStudioVersion = 10.0.40219.1
Project("{9A19103F-16F7-4668-BE54-9A1E7A4F7556}") = "SaucyCapstone", "SaucyCapstone\SaucyCapstone.csproj", "{12B7796C-C969-469B-BFDB-8F7A2DB24FB0}"
EndProject
Project("{FAE04EC0-301F-11D3-BF4B-00C04F79EFBC}") = "Data", "Data\Data.csproj", "{E587A877-DD54-4DCF-9BA9-BC71F17A5442}"
EndProject
Project("{FAE04EC0-301F-11D3-BF4B-00C04F79EFBC}") = "Models", "Models\Models.csproj", "{3666303A-2D9F-4CEF-8235-93ABA9A4EE9C}"
EndProject
Global
	GlobalSection(SolutionConfigurationPlatforms) = preSolution
		Debug|Any CPU = Debug|Any CPU
		Release|Any CPU = Release|Any CPU
	EndGlobalSection
	GlobalSection(ProjectConfigurationPlatforms) = postSolution
		{12B7796C-C969-469B-BFDB-8F7A2DB24FB0}.Debug|Any CPU.ActiveCfg = Debug|Any CPU
		{12B7796C-C969-469B-BFDB-8F7A2DB24FB0}.Debug|Any CPU.Build.0 = Debug|Any CPU
		{12B7796C-C969-469B-BFDB-8F7A2DB24FB0}.Release|Any CPU.ActiveCfg = Release|Any CPU
		{12B7796C-C969-469B-BFDB-8F7A2DB24FB0}.Release|Any CPU.Build.0 = Release|Any CPU
		{E587A877-DD54-4DCF-9BA9-BC71F17A5442}.Debug|Any CPU.ActiveCfg = Debug|Any CPU
		{E587A877-DD54-4DCF-9BA9-BC71F17A5442}.Debug|Any CPU.Build.0 = Debug|Any CPU
		{E587A877-DD54-4DCF-9BA9-BC71F17A5442}.Release|Any CPU.ActiveCfg = Release|Any CPU
		{E587A877-DD54-4DCF-9BA9-BC71F17A5442}.Release|Any CPU.Build.0 = Release|Any CPU
		{3666303A-2D9F-4CEF-8235-93ABA9A4EE9C}.Debug|Any CPU.ActiveCfg = Debug|Any CPU
		{3666303A-2D9F-4CEF-8235-93ABA9A4EE9C}.Debug|Any CPU.Build.0 = Debug|Any CPU
		{3666303A-2D9F-4CEF-8235-93ABA9A4EE9C}.Release|Any CPU.ActiveCfg = Release|Any CPU
		{3666303A-2D9F-4CEF-8235-93ABA9A4EE9C}.Release|Any CPU.Build.0 = Release|Any CPU
	EndGlobalSection
	GlobalSection(SolutionProperties) = preSolution
		HideSolutionNode = FALSE
	EndGlobalSection
	GlobalSection(ExtensibilityGlobals) = postSolution
		SolutionGuid = {1A032DE8-CA09-4493-80F5-9125317D31F6}
	EndGlobalSection
EndGlobal
